
Microsoft Visual Studio Solution File, Format Version 12.00
# Visual Studio Version 16
VisualStudioVersion = 16.0.30804.86
MinimumVisualStudioVersion = 10.0.40219.1
Project("{FAE04EC0-301F-11D3-BF4B-00C04F79EFBC}") = "Monitoring", "Monitoring\Monitoring.csproj", "{62D21FE3-93CE-451B-99E8-41E78D26E619}"
EndProject
Global
	GlobalSection(SolutionConfigurationPlatforms) = preSolution
		Debug|Any CPU = Debug|Any CPU
		Release|Any CPU = Release|Any CPU
	EndGlobalSection
	GlobalSection(ProjectConfigurationPlatforms) = postSolution
		{62D21FE3-93CE-451B-99E8-41E78D26E619}.Debug|Any CPU.ActiveCfg = Debug|Any CPU
		{62D21FE3-93CE-451B-99E8-41E78D26E619}.Debug|Any CPU.Build.0 = Debug|Any CPU
		{62D21FE3-93CE-451B-99E8-41E78D26E619}.Release|Any CPU.ActiveCfg = Release|Any CPU
		{62D21FE3-93CE-451B-99E8-41E78D26E619}.Release|Any CPU.Build.0 = Release|Any CPU
	EndGlobalSection
	GlobalSection(SolutionProperties) = preSolution
		HideSolutionNode = FALSE
	EndGlobalSection
	GlobalSection(ExtensibilityGlobals) = postSolution
		SolutionGuid = {F9166C3C-83E2-4B3B-9708-3C9084570AF3}
	EndGlobalSection
EndGlobal
